
Microsoft Visual Studio Solution File, Format Version 12.00
# Visual Studio Version 16
VisualStudioVersion = 16.0.30717.126
MinimumVisualStudioVersion = 10.0.40219.1
Project("{9A19103F-16F7-4668-BE54-9A1E7A4F7556}") = "BlazorServerSide", "DBConnection1\BlazorServerSide.csproj", "{DC70D53E-21D1-495A-9423-A2D2BCC3ACD2}"
EndProject
Project("{2150E333-8FDC-42A3-9474-1A3956D46DE8}") = "Data", "Data", "{10FC9B54-4CBE-4757-BACD-FB1497782E42}"
EndProject
Project("{2150E333-8FDC-42A3-9474-1A3956D46DE8}") = "Logic", "Logic", "{CE5CD8E7-B411-4263-8B0B-56B8E8BE048B}"
EndProject
Project("{2150E333-8FDC-42A3-9474-1A3956D46DE8}") = "UI", "UI", "{B33BA943-976C-4770-8DF8-BCCEAD7D27A5}"
EndProject
Project("{9A19103F-16F7-4668-BE54-9A1E7A4F7556}") = "EntityFrameworkRepository", "EntityFrameworkRepository\EntityFrameworkRepository.csproj", "{9B8B9E76-953C-4E42-9535-ACA6EDE89569}"
EndProject
Project("{9A19103F-16F7-4668-BE54-9A1E7A4F7556}") = "Repository.Contracts", "Repository.Contracts\Repository.Contracts.csproj", "{3E2A9547-6676-4231-A1B4-302B4671E452}"
EndProject
Project("{2150E333-8FDC-42A3-9474-1A3956D46DE8}") = "Integration", "Integration", "{1FF2EE75-7E47-4958-99EE-55925AA8BD51}"
EndProject
Project("{2150E333-8FDC-42A3-9474-1A3956D46DE8}") = "Operation", "Operation", "{267EAECE-0E19-4F7A-B3EC-890233FA5272}"
EndProject
Project("{9A19103F-16F7-4668-BE54-9A1E7A4F7556}") = "MusicListManagement", "MusicListManagement\MusicListManagement.csproj", "{81C01F1B-2672-44B3-AEA5-F96335EA08B7}"
EndProject
Project("{9A19103F-16F7-4668-BE54-9A1E7A4F7556}") = "MusicListManagement.Contracts", "MusicListManagement.Contracts\MusicListManagement.Contracts.csproj", "{219443C2-352E-4E5D-8E8B-B95449DEA58E}"
EndProject
Project("{9A19103F-16F7-4668-BE54-9A1E7A4F7556}") = "MusicListWorkflow", "MusicListWorkflow\MusicListWorkflow.csproj", "{7486662E-6E5E-43EF-94C7-B24D0ADAC31F}"
EndProject
Project("{9A19103F-16F7-4668-BE54-9A1E7A4F7556}") = "MusicListWorkflow.Contracts", "MusicListWorkflow.Contracts\MusicListWorkflow.Contracts.csproj", "{AA3406E0-0D74-4181-BECE-C99713289446}"
EndProject
Project("{2150E333-8FDC-42A3-9474-1A3956D46DE8}") = "Model", "Model", "{98B26A76-E0C2-458C-A6F8-2FDF9FCC0953}"
EndProject
Project("{9A19103F-16F7-4668-BE54-9A1E7A4F7556}") = "DomainModels", "DomainModels\DomainModels.csproj", "{1D0320C3-471D-4F3D-8FF2-4DBB66F6B941}"
	ProjectSection(ProjectDependencies) = postProject
		{8A24717D-8956-455B-AE57-79041811EA62} = {8A24717D-8956-455B-AE57-79041811EA62}
	EndProjectSection
EndProject
Project("{9A19103F-16F7-4668-BE54-9A1E7A4F7556}") = "DomainModels.Contracts", "DomainModels.Contracts\DomainModels.Contracts.csproj", "{8A24717D-8956-455B-AE57-79041811EA62}"
EndProject
Project("{9A19103F-16F7-4668-BE54-9A1E7A4F7556}") = "ViewModels", "ViewModels\ViewModels.csproj", "{9A8B3669-129F-4C12-8999-5EB56C3DBFDF}"
EndProject
Project("{9A19103F-16F7-4668-BE54-9A1E7A4F7556}") = "ViewModels.Contracts", "ViewModels.Contracts\ViewModels.Contracts.csproj", "{4E6CFACE-E37B-46D9-9F39-1779244A6971}"
EndProject
Global
	GlobalSection(SolutionConfigurationPlatforms) = preSolution
		Debug|Any CPU = Debug|Any CPU
		Release|Any CPU = Release|Any CPU
	EndGlobalSection
	GlobalSection(ProjectConfigurationPlatforms) = postSolution
		{DC70D53E-21D1-495A-9423-A2D2BCC3ACD2}.Debug|Any CPU.ActiveCfg = Debug|Any CPU
		{DC70D53E-21D1-495A-9423-A2D2BCC3ACD2}.Debug|Any CPU.Build.0 = Debug|Any CPU
		{DC70D53E-21D1-495A-9423-A2D2BCC3ACD2}.Release|Any CPU.ActiveCfg = Release|Any CPU
		{DC70D53E-21D1-495A-9423-A2D2BCC3ACD2}.Release|Any CPU.Build.0 = Release|Any CPU
		{9B8B9E76-953C-4E42-9535-ACA6EDE89569}.Debug|Any CPU.ActiveCfg = Debug|Any CPU
		{9B8B9E76-953C-4E42-9535-ACA6EDE89569}.Debug|Any CPU.Build.0 = Debug|Any CPU
		{9B8B9E76-953C-4E42-9535-ACA6EDE89569}.Release|Any CPU.ActiveCfg = Release|Any CPU
		{9B8B9E76-953C-4E42-9535-ACA6EDE89569}.Release|Any CPU.Build.0 = Release|Any CPU
		{3E2A9547-6676-4231-A1B4-302B4671E452}.Debug|Any CPU.ActiveCfg = Debug|Any CPU
		{3E2A9547-6676-4231-A1B4-302B4671E452}.Debug|Any CPU.Build.0 = Debug|Any CPU
		{3E2A9547-6676-4231-A1B4-302B4671E452}.Release|Any CPU.ActiveCfg = Release|Any CPU
		{3E2A9547-6676-4231-A1B4-302B4671E452}.Release|Any CPU.Build.0 = Release|Any CPU
		{81C01F1B-2672-44B3-AEA5-F96335EA08B7}.Debug|Any CPU.ActiveCfg = Debug|Any CPU
		{81C01F1B-2672-44B3-AEA5-F96335EA08B7}.Debug|Any CPU.Build.0 = Debug|Any CPU
		{81C01F1B-2672-44B3-AEA5-F96335EA08B7}.Release|Any CPU.ActiveCfg = Release|Any CPU
		{81C01F1B-2672-44B3-AEA5-F96335EA08B7}.Release|Any CPU.Build.0 = Release|Any CPU
		{219443C2-352E-4E5D-8E8B-B95449DEA58E}.Debug|Any CPU.ActiveCfg = Debug|Any CPU
		{219443C2-352E-4E5D-8E8B-B95449DEA58E}.Debug|Any CPU.Build.0 = Debug|Any CPU
		{219443C2-352E-4E5D-8E8B-B95449DEA58E}.Release|Any CPU.ActiveCfg = Release|Any CPU
		{219443C2-352E-4E5D-8E8B-B95449DEA58E}.Release|Any CPU.Build.0 = Release|Any CPU
		{7486662E-6E5E-43EF-94C7-B24D0ADAC31F}.Debug|Any CPU.ActiveCfg = Debug|Any CPU
		{7486662E-6E5E-43EF-94C7-B24D0ADAC31F}.Debug|Any CPU.Build.0 = Debug|Any CPU
		{7486662E-6E5E-43EF-94C7-B24D0ADAC31F}.Release|Any CPU.ActiveCfg = Release|Any CPU
		{7486662E-6E5E-43EF-94C7-B24D0ADAC31F}.Release|Any CPU.Build.0 = Release|Any CPU
		{AA3406E0-0D74-4181-BECE-C99713289446}.Debug|Any CPU.ActiveCfg = Debug|Any CPU
		{AA3406E0-0D74-4181-BECE-C99713289446}.Debug|Any CPU.Build.0 = Debug|Any CPU
		{AA3406E0-0D74-4181-BECE-C99713289446}.Release|Any CPU.ActiveCfg = Release|Any CPU
		{AA3406E0-0D74-4181-BECE-C99713289446}.Release|Any CPU.Build.0 = Release|Any CPU
		{1D0320C3-471D-4F3D-8FF2-4DBB66F6B941}.Debug|Any CPU.ActiveCfg = Debug|Any CPU
		{1D0320C3-471D-4F3D-8FF2-4DBB66F6B941}.Debug|Any CPU.Build.0 = Debug|Any CPU
		{1D0320C3-471D-4F3D-8FF2-4DBB66F6B941}.Release|Any CPU.ActiveCfg = Release|Any CPU
		{1D0320C3-471D-4F3D-8FF2-4DBB66F6B941}.Release|Any CPU.Build.0 = Release|Any CPU
		{8A24717D-8956-455B-AE57-79041811EA62}.Debug|Any CPU.ActiveCfg = Debug|Any CPU
		{8A24717D-8956-455B-AE57-79041811EA62}.Debug|Any CPU.Build.0 = Debug|Any CPU
		{8A24717D-8956-455B-AE57-79041811EA62}.Release|Any CPU.ActiveCfg = Release|Any CPU
		{8A24717D-8956-455B-AE57-79041811EA62}.Release|Any CPU.Build.0 = Release|Any CPU
		{9A8B3669-129F-4C12-8999-5EB56C3DBFDF}.Debug|Any CPU.ActiveCfg = Debug|Any CPU
		{9A8B3669-129F-4C12-8999-5EB56C3DBFDF}.Debug|Any CPU.Build.0 = Debug|Any CPU
		{9A8B3669-129F-4C12-8999-5EB56C3DBFDF}.Release|Any CPU.ActiveCfg = Release|Any CPU
		{9A8B3669-129F-4C12-8999-5EB56C3DBFDF}.Release|Any CPU.Build.0 = Release|Any CPU
		{4E6CFACE-E37B-46D9-9F39-1779244A6971}.Debug|Any CPU.ActiveCfg = Debug|Any CPU
		{4E6CFACE-E37B-46D9-9F39-1779244A6971}.Debug|Any CPU.Build.0 = Debug|Any CPU
		{4E6CFACE-E37B-46D9-9F39-1779244A6971}.Release|Any CPU.ActiveCfg = Release|Any CPU
		{4E6CFACE-E37B-46D9-9F39-1779244A6971}.Release|Any CPU.Build.0 = Release|Any CPU
	EndGlobalSection
	GlobalSection(SolutionProperties) = preSolution
		HideSolutionNode = FALSE
	EndGlobalSection
	GlobalSection(NestedProjects) = preSolution
		{DC70D53E-21D1-495A-9423-A2D2BCC3ACD2} = {B33BA943-976C-4770-8DF8-BCCEAD7D27A5}
		{9B8B9E76-953C-4E42-9535-ACA6EDE89569} = {10FC9B54-4CBE-4757-BACD-FB1497782E42}
		{3E2A9547-6676-4231-A1B4-302B4671E452} = {10FC9B54-4CBE-4757-BACD-FB1497782E42}
		{1FF2EE75-7E47-4958-99EE-55925AA8BD51} = {CE5CD8E7-B411-4263-8B0B-56B8E8BE048B}
		{267EAECE-0E19-4F7A-B3EC-890233FA5272} = {CE5CD8E7-B411-4263-8B0B-56B8E8BE048B}
		{81C01F1B-2672-44B3-AEA5-F96335EA08B7} = {267EAECE-0E19-4F7A-B3EC-890233FA5272}
		{219443C2-352E-4E5D-8E8B-B95449DEA58E} = {267EAECE-0E19-4F7A-B3EC-890233FA5272}
		{7486662E-6E5E-43EF-94C7-B24D0ADAC31F} = {1FF2EE75-7E47-4958-99EE-55925AA8BD51}
		{AA3406E0-0D74-4181-BECE-C99713289446} = {1FF2EE75-7E47-4958-99EE-55925AA8BD51}
		{1D0320C3-471D-4F3D-8FF2-4DBB66F6B941} = {98B26A76-E0C2-458C-A6F8-2FDF9FCC0953}
		{8A24717D-8956-455B-AE57-79041811EA62} = {98B26A76-E0C2-458C-A6F8-2FDF9FCC0953}
		{9A8B3669-129F-4C12-8999-5EB56C3DBFDF} = {98B26A76-E0C2-458C-A6F8-2FDF9FCC0953}
		{4E6CFACE-E37B-46D9-9F39-1779244A6971} = {98B26A76-E0C2-458C-A6F8-2FDF9FCC0953}
	EndGlobalSection
	GlobalSection(ExtensibilityGlobals) = postSolution
		SolutionGuid = {D7287CEF-FDAE-4DC3-ACD9-ED74F45CA8CF}
	EndGlobalSection
EndGlobal
